// !$*UTF8*$!
{
	archiveVersion = 1;
	classes = {
	};
	objectVersion = 56;
	objects = {

/* Begin PBXBuildFile section */
		493239ED104BD2AAF6376E17 /* Pods_Dark_Corridor.framework in Frameworks */ = {isa = PBXBuildFile; fileRef = 45A01B1219E8903F80E52827 /* Pods_Dark_Corridor.framework */; };
		620BAF862ABEF49E00901406 /* Screech.mp3 in Resources */ = {isa = PBXBuildFile; fileRef = 620BAF852ABEF49E00901406 /* Screech.mp3 */; };
		620BAF892ABEF4A700901406 /* HornedBat Cry.mp3 in Resources */ = {isa = PBXBuildFile; fileRef = 620BAF872ABEF4A700901406 /* HornedBat Cry.mp3 */; };
		620BAF8E2ABF3A8300901406 /* Death's Emissary Cry.mp3 in Resources */ = {isa = PBXBuildFile; fileRef = 620BAF8B2ABF3A8300901406 /* Death's Emissary Cry.mp3 */; };
		620BAF902ABF3A8300901406 /* Schyte Swing.mp3 in Resources */ = {isa = PBXBuildFile; fileRef = 620BAF8D2ABF3A8300901406 /* Schyte Swing.mp3 */; };
		620BAF922ABF3D6300901406 /* Nightmare.mp3 in Resources */ = {isa = PBXBuildFile; fileRef = 620BAF912ABF3D6300901406 /* Nightmare.mp3 */; };
		620BAF942ABF3E0900901406 /* Ram.mp3 in Resources */ = {isa = PBXBuildFile; fileRef = 620BAF932ABF3E0900901406 /* Ram.mp3 */; };
		620BAF982AC095F700901406 /* Phantom Shadows.mp3 in Resources */ = {isa = PBXBuildFile; fileRef = 620BAF952AC095F700901406 /* Phantom Shadows.mp3 */; };
		620BAF992AC095F700901406 /* Creepy Lady Cry.mp3 in Resources */ = {isa = PBXBuildFile; fileRef = 620BAF962AC095F700901406 /* Creepy Lady Cry.mp3 */; };
		620BAF9A2AC095F700901406 /* Hair Whip.mp3 in Resources */ = {isa = PBXBuildFile; fileRef = 620BAF972AC095F700901406 /* Hair Whip.mp3 */; };
		620BAF9C2AC0A46400901406 /* General Item.mp3 in Resources */ = {isa = PBXBuildFile; fileRef = 620BAF9B2AC0A46400901406 /* General Item.mp3 */; };
		620BAF9E2AC0AC5600901406 /* Power Up.mp3 in Resources */ = {isa = PBXBuildFile; fileRef = 620BAF9D2AC0AC5600901406 /* Power Up.mp3 */; };
		620BAFA02AC1EDB400901406 /* StoreItemStruct.swift in Sources */ = {isa = PBXBuildFile; fileRef = 620BAF9F2AC1EDB400901406 /* StoreItemStruct.swift */; };
		620BAFA22AC1EE7F00901406 /* StoreItems.swift in Sources */ = {isa = PBXBuildFile; fileRef = 620BAFA12AC1EE7F00901406 /* StoreItems.swift */; };
		620BAFA42AC1F12500901406 /* StoreViewController.swift in Sources */ = {isa = PBXBuildFile; fileRef = 620BAFA32AC1F12500901406 /* StoreViewController.swift */; };
		620BAFA72AC1F2EC00901406 /* StoreCell.swift in Sources */ = {isa = PBXBuildFile; fileRef = 620BAFA52AC1F2EC00901406 /* StoreCell.swift */; };
		620BAFA82AC1F2EC00901406 /* StoreCell.xib in Resources */ = {isa = PBXBuildFile; fileRef = 620BAFA62AC1F2EC00901406 /* StoreCell.xib */; };
		6222C82829EB0A320090671F /* Battle Music.mp3 in Resources */ = {isa = PBXBuildFile; fileRef = 6222C82729EB0A320090671F /* Battle Music.mp3 */; };
		6222C82A29EB0A3F0090671F /* Eerie Spell.mp3 in Resources */ = {isa = PBXBuildFile; fileRef = 6222C82929EB0A3F0090671F /* Eerie Spell.mp3 */; };
		6222C82C29EB0A460090671F /* Battle Win.mp3 in Resources */ = {isa = PBXBuildFile; fileRef = 6222C82B29EB0A460090671F /* Battle Win.mp3 */; };
		6222C82E29EB0A4E0090671F /* Tackle.mp3 in Resources */ = {isa = PBXBuildFile; fileRef = 6222C82D29EB0A4E0090671F /* Tackle.mp3 */; };
		6222C83029EB0A560090671F /* Bite.mp3 in Resources */ = {isa = PBXBuildFile; fileRef = 6222C82F29EB0A560090671F /* Bite.mp3 */; };
		6222C83229EB0A5F0090671F /* Spectral Force.mp3 in Resources */ = {isa = PBXBuildFile; fileRef = 6222C83129EB0A5F0090671F /* Spectral Force.mp3 */; };
		6234FB8029D8CC3C008A23F8 /* BattleViewController.swift in Sources */ = {isa = PBXBuildFile; fileRef = 6234FB7F29D8CC3C008A23F8 /* BattleViewController.swift */; };
		625BE5A029E896FB00BC63F1 /* Main Menu.mp3 in Resources */ = {isa = PBXBuildFile; fileRef = 625BE59B29E896FB00BC63F1 /* Main Menu.mp3 */; };
		625BE5A129E896FB00BC63F1 /* Win Screen.mp3 in Resources */ = {isa = PBXBuildFile; fileRef = 625BE59C29E896FB00BC63F1 /* Win Screen.mp3 */; };
		625BE5A229E896FB00BC63F1 /* Main Game .mp3 in Resources */ = {isa = PBXBuildFile; fileRef = 625BE59D29E896FB00BC63F1 /* Main Game .mp3 */; };
		625BE5A329E896FB00BC63F1 /* Dead Screen.mp3 in Resources */ = {isa = PBXBuildFile; fileRef = 625BE59E29E896FB00BC63F1 /* Dead Screen.mp3 */; };
		625BE5AE29E9ECE400BC63F1 /* Diamond.mp3 in Resources */ = {isa = PBXBuildFile; fileRef = 625BE5A929E9ECE300BC63F1 /* Diamond.mp3 */; };
		625BE5AF29E9ECE400BC63F1 /* Potion.mp3 in Resources */ = {isa = PBXBuildFile; fileRef = 625BE5AA29E9ECE300BC63F1 /* Potion.mp3 */; };
		625BE5B229EA99AF00BC63F1 /* Coin.mp3 in Resources */ = {isa = PBXBuildFile; fileRef = 625BE5B129EA99AF00BC63F1 /* Coin.mp3 */; };
		625BE5B429EA9CF100BC63F1 /* Dirt.mp3 in Resources */ = {isa = PBXBuildFile; fileRef = 625BE5B329EA9CF100BC63F1 /* Dirt.mp3 */; };
		629CD94229D0F06100489210 /* AppDelegate.swift in Sources */ = {isa = PBXBuildFile; fileRef = 629CD94129D0F06100489210 /* AppDelegate.swift */; };
		629CD94429D0F06100489210 /* SceneDelegate.swift in Sources */ = {isa = PBXBuildFile; fileRef = 629CD94329D0F06100489210 /* SceneDelegate.swift */; };
		629CD94629D0F06100489210 /* MainViewController.swift in Sources */ = {isa = PBXBuildFile; fileRef = 629CD94529D0F06100489210 /* MainViewController.swift */; };
		629CD94929D0F06100489210 /* Main.storyboard in Resources */ = {isa = PBXBuildFile; fileRef = 629CD94729D0F06100489210 /* Main.storyboard */; };
		629CD94B29D0F06200489210 /* Assets.xcassets in Resources */ = {isa = PBXBuildFile; fileRef = 629CD94A29D0F06200489210 /* Assets.xcassets */; };
		629CD94E29D0F06200489210 /* LaunchScreen.storyboard in Resources */ = {isa = PBXBuildFile; fileRef = 629CD94C29D0F06200489210 /* LaunchScreen.storyboard */; };
		629CD95829D0F3D600489210 /* Items.swift in Sources */ = {isa = PBXBuildFile; fileRef = 629CD95729D0F3D600489210 /* Items.swift */; };
		629CD95A29D0F3F500489210 /* Character.swift in Sources */ = {isa = PBXBuildFile; fileRef = 629CD95929D0F3F500489210 /* Character.swift */; };
		62AA037829DCCD9700AF660F /* ResultViewController.swift in Sources */ = {isa = PBXBuildFile; fileRef = 62AA037729DCCD9700AF660F /* ResultViewController.swift */; };
		62AA037A29DCCE5E00AF660F /* SettingsViewController.swift in Sources */ = {isa = PBXBuildFile; fileRef = 62AA037929DCCE5E00AF660F /* SettingsViewController.swift */; };
		62AA037C29DCCE8800AF660F /* StartViewController.swift in Sources */ = {isa = PBXBuildFile; fileRef = 62AA037B29DCCE8800AF660F /* StartViewController.swift */; };
		62AC70452AB39DE9006306CA /* EnemyStruct.swift in Sources */ = {isa = PBXBuildFile; fileRef = 62AC70442AB39DE9006306CA /* EnemyStruct.swift */; };
		62AC70482AB3B491006306CA /* AllEnemies.swift in Sources */ = {isa = PBXBuildFile; fileRef = 62AC70472AB3B491006306CA /* AllEnemies.swift */; };
		62AC704A2AB3BCF5006306CA /* AttackStruct.swift in Sources */ = {isa = PBXBuildFile; fileRef = 62AC70492AB3BCF5006306CA /* AttackStruct.swift */; };
		62AC704D2AB63172006306CA /* InventoryCell.swift in Sources */ = {isa = PBXBuildFile; fileRef = 62AC704B2AB63172006306CA /* InventoryCell.swift */; };
		62AC704E2AB63172006306CA /* InventoryCell.xib in Resources */ = {isa = PBXBuildFile; fileRef = 62AC704C2AB63172006306CA /* InventoryCell.xib */; };
		62AC70502AB7363E006306CA /* PlayerStats.swift in Sources */ = {isa = PBXBuildFile; fileRef = 62AC704F2AB7363E006306CA /* PlayerStats.swift */; };
		62AC70522AB8A582006306CA /* StatsViewController.swift in Sources */ = {isa = PBXBuildFile; fileRef = 62AC70512AB8A582006306CA /* StatsViewController.swift */; };
		62AC70542ABB8451006306CA /* StatClass.swift in Sources */ = {isa = PBXBuildFile; fileRef = 62AC70532ABB8451006306CA /* StatClass.swift */; };
		62D218DD29E1B0560027ACD5 /* InventoryViewController.swift in Sources */ = {isa = PBXBuildFile; fileRef = 62D218DC29E1B0560027ACD5 /* InventoryViewController.swift */; };
		62D218DF29E1D4690027ACD5 /* ItemStruct.swift in Sources */ = {isa = PBXBuildFile; fileRef = 62D218DE29E1D4690027ACD5 /* ItemStruct.swift */; };
		62DADA1A29EAB5FD0080002F /* Spellbook Cry.mp3 in Resources */ = {isa = PBXBuildFile; fileRef = 62DADA1829EAB5FD0080002F /* Spellbook Cry.mp3 */; };
		62DADA1B29EAB5FD0080002F /* Pig Cry.mp3 in Resources */ = {isa = PBXBuildFile; fileRef = 62DADA1929EAB5FD0080002F /* Pig Cry.mp3 */; };
		62DADA2629EAB7F40080002F /* Charge.mp3 in Resources */ = {isa = PBXBuildFile; fileRef = 62DADA2429EAB7F40080002F /* Charge.mp3 */; };
		62DADA2729EAB7F40080002F /* Slash.mp3 in Resources */ = {isa = PBXBuildFile; fileRef = 62DADA2529EAB7F40080002F /* Slash.mp3 */; };
/* End PBXBuildFile section */

/* Begin PBXFileReference section */
		45A01B1219E8903F80E52827 /* Pods_Dark_Corridor.framework */ = {isa = PBXFileReference; explicitFileType = wrapper.framework; includeInIndex = 0; path = Pods_Dark_Corridor.framework; sourceTree = BUILT_PRODUCTS_DIR; };
		620BAF852ABEF49E00901406 /* Screech.mp3 */ = {isa = PBXFileReference; lastKnownFileType = audio.mp3; path = Screech.mp3; sourceTree = "<group>"; };
		620BAF872ABEF4A700901406 /* HornedBat Cry.mp3 */ = {isa = PBXFileReference; lastKnownFileType = audio.mp3; path = "HornedBat Cry.mp3"; sourceTree = "<group>"; };
		620BAF8B2ABF3A8300901406 /* Death's Emissary Cry.mp3 */ = {isa = PBXFileReference; lastKnownFileType = audio.mp3; path = "Death's Emissary Cry.mp3"; sourceTree = "<group>"; };
		620BAF8D2ABF3A8300901406 /* Schyte Swing.mp3 */ = {isa = PBXFileReference; lastKnownFileType = audio.mp3; path = "Schyte Swing.mp3"; sourceTree = "<group>"; };
		620BAF912ABF3D6300901406 /* Nightmare.mp3 */ = {isa = PBXFileReference; lastKnownFileType = audio.mp3; path = Nightmare.mp3; sourceTree = "<group>"; };
		620BAF932ABF3E0900901406 /* Ram.mp3 */ = {isa = PBXFileReference; lastKnownFileType = audio.mp3; path = Ram.mp3; sourceTree = "<group>"; };
		620BAF952AC095F700901406 /* Phantom Shadows.mp3 */ = {isa = PBXFileReference; lastKnownFileType = audio.mp3; path = "Phantom Shadows.mp3"; sourceTree = "<group>"; };
		620BAF962AC095F700901406 /* Creepy Lady Cry.mp3 */ = {isa = PBXFileReference; lastKnownFileType = audio.mp3; path = "Creepy Lady Cry.mp3"; sourceTree = "<group>"; };
		620BAF972AC095F700901406 /* Hair Whip.mp3 */ = {isa = PBXFileReference; lastKnownFileType = audio.mp3; path = "Hair Whip.mp3"; sourceTree = "<group>"; };
		620BAF9B2AC0A46400901406 /* General Item.mp3 */ = {isa = PBXFileReference; lastKnownFileType = audio.mp3; path = "General Item.mp3"; sourceTree = "<group>"; };
		620BAF9D2AC0AC5600901406 /* Power Up.mp3 */ = {isa = PBXFileReference; lastKnownFileType = audio.mp3; path = "Power Up.mp3"; sourceTree = "<group>"; };
		620BAF9F2AC1EDB400901406 /* StoreItemStruct.swift */ = {isa = PBXFileReference; lastKnownFileType = sourcecode.swift; path = StoreItemStruct.swift; sourceTree = "<group>"; };
		620BAFA12AC1EE7F00901406 /* StoreItems.swift */ = {isa = PBXFileReference; lastKnownFileType = sourcecode.swift; path = StoreItems.swift; sourceTree = "<group>"; };
		620BAFA32AC1F12500901406 /* StoreViewController.swift */ = {isa = PBXFileReference; lastKnownFileType = sourcecode.swift; path = StoreViewController.swift; sourceTree = "<group>"; };
		620BAFA52AC1F2EC00901406 /* StoreCell.swift */ = {isa = PBXFileReference; lastKnownFileType = sourcecode.swift; path = StoreCell.swift; sourceTree = "<group>"; };
		620BAFA62AC1F2EC00901406 /* StoreCell.xib */ = {isa = PBXFileReference; lastKnownFileType = file.xib; path = StoreCell.xib; sourceTree = "<group>"; };
		6222C82729EB0A320090671F /* Battle Music.mp3 */ = {isa = PBXFileReference; lastKnownFileType = audio.mp3; path = "Battle Music.mp3"; sourceTree = "<group>"; };
		6222C82929EB0A3F0090671F /* Eerie Spell.mp3 */ = {isa = PBXFileReference; lastKnownFileType = audio.mp3; path = "Eerie Spell.mp3"; sourceTree = "<group>"; };
		6222C82B29EB0A460090671F /* Battle Win.mp3 */ = {isa = PBXFileReference; lastKnownFileType = audio.mp3; path = "Battle Win.mp3"; sourceTree = "<group>"; };
		6222C82D29EB0A4E0090671F /* Tackle.mp3 */ = {isa = PBXFileReference; lastKnownFileType = audio.mp3; path = Tackle.mp3; sourceTree = "<group>"; };
		6222C82F29EB0A560090671F /* Bite.mp3 */ = {isa = PBXFileReference; lastKnownFileType = audio.mp3; path = Bite.mp3; sourceTree = "<group>"; };
		6222C83129EB0A5F0090671F /* Spectral Force.mp3 */ = {isa = PBXFileReference; lastKnownFileType = audio.mp3; path = "Spectral Force.mp3"; sourceTree = "<group>"; };
		6234FB7F29D8CC3C008A23F8 /* BattleViewController.swift */ = {isa = PBXFileReference; lastKnownFileType = sourcecode.swift; path = BattleViewController.swift; sourceTree = "<group>"; };
		625BE59B29E896FB00BC63F1 /* Main Menu.mp3 */ = {isa = PBXFileReference; lastKnownFileType = audio.mp3; path = "Main Menu.mp3"; sourceTree = "<group>"; };
		625BE59C29E896FB00BC63F1 /* Win Screen.mp3 */ = {isa = PBXFileReference; lastKnownFileType = audio.mp3; path = "Win Screen.mp3"; sourceTree = "<group>"; };
		625BE59D29E896FB00BC63F1 /* Main Game .mp3 */ = {isa = PBXFileReference; lastKnownFileType = audio.mp3; path = "Main Game .mp3"; sourceTree = "<group>"; };
		625BE59E29E896FB00BC63F1 /* Dead Screen.mp3 */ = {isa = PBXFileReference; lastKnownFileType = audio.mp3; path = "Dead Screen.mp3"; sourceTree = "<group>"; };
		625BE5A929E9ECE300BC63F1 /* Diamond.mp3 */ = {isa = PBXFileReference; lastKnownFileType = audio.mp3; path = Diamond.mp3; sourceTree = "<group>"; };
		625BE5AA29E9ECE300BC63F1 /* Potion.mp3 */ = {isa = PBXFileReference; lastKnownFileType = audio.mp3; path = Potion.mp3; sourceTree = "<group>"; };
		625BE5B129EA99AF00BC63F1 /* Coin.mp3 */ = {isa = PBXFileReference; lastKnownFileType = audio.mp3; path = Coin.mp3; sourceTree = "<group>"; };
		625BE5B329EA9CF100BC63F1 /* Dirt.mp3 */ = {isa = PBXFileReference; lastKnownFileType = audio.mp3; path = Dirt.mp3; sourceTree = "<group>"; };
		629CD93E29D0F06100489210 /* Dark Corridor.app */ = {isa = PBXFileReference; explicitFileType = wrapper.application; includeInIndex = 0; path = "Dark Corridor.app"; sourceTree = BUILT_PRODUCTS_DIR; };
		629CD94129D0F06100489210 /* AppDelegate.swift */ = {isa = PBXFileReference; lastKnownFileType = sourcecode.swift; path = AppDelegate.swift; sourceTree = "<group>"; };
		629CD94329D0F06100489210 /* SceneDelegate.swift */ = {isa = PBXFileReference; lastKnownFileType = sourcecode.swift; path = SceneDelegate.swift; sourceTree = "<group>"; };
		629CD94529D0F06100489210 /* MainViewController.swift */ = {isa = PBXFileReference; lastKnownFileType = sourcecode.swift; path = MainViewController.swift; sourceTree = "<group>"; };
		629CD94829D0F06100489210 /* Base */ = {isa = PBXFileReference; lastKnownFileType = file.storyboard; name = Base; path = Base.lproj/Main.storyboard; sourceTree = "<group>"; };
		629CD94A29D0F06200489210 /* Assets.xcassets */ = {isa = PBXFileReference; lastKnownFileType = folder.assetcatalog; path = Assets.xcassets; sourceTree = "<group>"; };
		629CD94D29D0F06200489210 /* Base */ = {isa = PBXFileReference; lastKnownFileType = file.storyboard; name = Base; path = Base.lproj/LaunchScreen.storyboard; sourceTree = "<group>"; };
		629CD94F29D0F06200489210 /* Info.plist */ = {isa = PBXFileReference; lastKnownFileType = text.plist.xml; path = Info.plist; sourceTree = "<group>"; };
		629CD95729D0F3D600489210 /* Items.swift */ = {isa = PBXFileReference; lastKnownFileType = sourcecode.swift; path = Items.swift; sourceTree = "<group>"; };
		629CD95929D0F3F500489210 /* Character.swift */ = {isa = PBXFileReference; lastKnownFileType = sourcecode.swift; path = Character.swift; sourceTree = "<group>"; };
		62AA037729DCCD9700AF660F /* ResultViewController.swift */ = {isa = PBXFileReference; lastKnownFileType = sourcecode.swift; path = ResultViewController.swift; sourceTree = "<group>"; };
		62AA037929DCCE5E00AF660F /* SettingsViewController.swift */ = {isa = PBXFileReference; lastKnownFileType = sourcecode.swift; path = SettingsViewController.swift; sourceTree = "<group>"; };
		62AA037B29DCCE8800AF660F /* StartViewController.swift */ = {isa = PBXFileReference; lastKnownFileType = sourcecode.swift; path = StartViewController.swift; sourceTree = "<group>"; };
		62AC70442AB39DE9006306CA /* EnemyStruct.swift */ = {isa = PBXFileReference; lastKnownFileType = sourcecode.swift; path = EnemyStruct.swift; sourceTree = "<group>"; };
		62AC70472AB3B491006306CA /* AllEnemies.swift */ = {isa = PBXFileReference; lastKnownFileType = sourcecode.swift; path = AllEnemies.swift; sourceTree = "<group>"; };
		62AC70492AB3BCF5006306CA /* AttackStruct.swift */ = {isa = PBXFileReference; lastKnownFileType = sourcecode.swift; path = AttackStruct.swift; sourceTree = "<group>"; };
		62AC704B2AB63172006306CA /* InventoryCell.swift */ = {isa = PBXFileReference; lastKnownFileType = sourcecode.swift; path = InventoryCell.swift; sourceTree = "<group>"; };
		62AC704C2AB63172006306CA /* InventoryCell.xib */ = {isa = PBXFileReference; lastKnownFileType = file.xib; path = InventoryCell.xib; sourceTree = "<group>"; };
		62AC704F2AB7363E006306CA /* PlayerStats.swift */ = {isa = PBXFileReference; lastKnownFileType = sourcecode.swift; path = PlayerStats.swift; sourceTree = "<group>"; };
		62AC70512AB8A582006306CA /* StatsViewController.swift */ = {isa = PBXFileReference; lastKnownFileType = sourcecode.swift; path = StatsViewController.swift; sourceTree = "<group>"; };
		62AC70532ABB8451006306CA /* StatClass.swift */ = {isa = PBXFileReference; lastKnownFileType = sourcecode.swift; path = StatClass.swift; sourceTree = "<group>"; };
		62D218DC29E1B0560027ACD5 /* InventoryViewController.swift */ = {isa = PBXFileReference; lastKnownFileType = sourcecode.swift; path = InventoryViewController.swift; sourceTree = "<group>"; };
		62D218DE29E1D4690027ACD5 /* ItemStruct.swift */ = {isa = PBXFileReference; lastKnownFileType = sourcecode.swift; path = ItemStruct.swift; sourceTree = "<group>"; };
		62DADA1829EAB5FD0080002F /* Spellbook Cry.mp3 */ = {isa = PBXFileReference; lastKnownFileType = audio.mp3; path = "Spellbook Cry.mp3"; sourceTree = "<group>"; };
		62DADA1929EAB5FD0080002F /* Pig Cry.mp3 */ = {isa = PBXFileReference; lastKnownFileType = audio.mp3; path = "Pig Cry.mp3"; sourceTree = "<group>"; };
		62DADA2429EAB7F40080002F /* Charge.mp3 */ = {isa = PBXFileReference; lastKnownFileType = audio.mp3; path = Charge.mp3; sourceTree = "<group>"; };
		62DADA2529EAB7F40080002F /* Slash.mp3 */ = {isa = PBXFileReference; lastKnownFileType = audio.mp3; path = Slash.mp3; sourceTree = "<group>"; };
		B80491EA68F0568332DA2F16 /* Pods-Dark Corridor.debug.xcconfig */ = {isa = PBXFileReference; includeInIndex = 1; lastKnownFileType = text.xcconfig; name = "Pods-Dark Corridor.debug.xcconfig"; path = "Target Support Files/Pods-Dark Corridor/Pods-Dark Corridor.debug.xcconfig"; sourceTree = "<group>"; };
		DEB6131DB9927D0D33A11CB1 /* Pods-Dark Corridor.release.xcconfig */ = {isa = PBXFileReference; includeInIndex = 1; lastKnownFileType = text.xcconfig; name = "Pods-Dark Corridor.release.xcconfig"; path = "Target Support Files/Pods-Dark Corridor/Pods-Dark Corridor.release.xcconfig"; sourceTree = "<group>"; };
/* End PBXFileReference section */

/* Begin PBXFrameworksBuildPhase section */
		629CD93B29D0F06100489210 /* Frameworks */ = {
			isa = PBXFrameworksBuildPhase;
			buildActionMask = 2147483647;
			files = (
				493239ED104BD2AAF6376E17 /* Pods_Dark_Corridor.framework in Frameworks */,
			);
			runOnlyForDeploymentPostprocessing = 0;
		};
/* End PBXFrameworksBuildPhase section */

/* Begin PBXGroup section */
		6234FB8229D8CC59008A23F8 /* Controllers */ = {
			isa = PBXGroup;
			children = (
				62AA037B29DCCE8800AF660F /* StartViewController.swift */,
				62AC70512AB8A582006306CA /* StatsViewController.swift */,
				620BAFA32AC1F12500901406 /* StoreViewController.swift */,
				62AA037929DCCE5E00AF660F /* SettingsViewController.swift */,
				629CD94529D0F06100489210 /* MainViewController.swift */,
				62D218DC29E1B0560027ACD5 /* InventoryViewController.swift */,
				6234FB7F29D8CC3C008A23F8 /* BattleViewController.swift */,
				62AA037729DCCD9700AF660F /* ResultViewController.swift */,
			);
			path = Controllers;
			sourceTree = "<group>";
		};
		6234FB8329D8CCAC008A23F8 /* Views */ = {
			isa = PBXGroup;
			children = (
				629CD94729D0F06100489210 /* Main.storyboard */,
				62AC704C2AB63172006306CA /* InventoryCell.xib */,
				620BAFA62AC1F2EC00901406 /* StoreCell.xib */,
			);
			path = Views;
			sourceTree = "<group>";
		};
		625BE59A29E896FB00BC63F1 /* Sounds */ = {
			isa = PBXGroup;
			children = (
				625BE59B29E896FB00BC63F1 /* Main Menu.mp3 */,
				625BE59C29E896FB00BC63F1 /* Win Screen.mp3 */,
				6222C82729EB0A320090671F /* Battle Music.mp3 */,
				625BE59D29E896FB00BC63F1 /* Main Game .mp3 */,
				6222C82B29EB0A460090671F /* Battle Win.mp3 */,
				620BAF9D2AC0AC5600901406 /* Power Up.mp3 */,
				620BAF9B2AC0A46400901406 /* General Item.mp3 */,
				6222C82929EB0A3F0090671F /* Eerie Spell.mp3 */,
				6222C83129EB0A5F0090671F /* Spectral Force.mp3 */,
				620BAF8B2ABF3A8300901406 /* Death's Emissary Cry.mp3 */,
				620BAF912ABF3D6300901406 /* Nightmare.mp3 */,
				620BAF8D2ABF3A8300901406 /* Schyte Swing.mp3 */,
				6222C82F29EB0A560090671F /* Bite.mp3 */,
				6222C82D29EB0A4E0090671F /* Tackle.mp3 */,
				62DADA2429EAB7F40080002F /* Charge.mp3 */,
				620BAF872ABEF4A700901406 /* HornedBat Cry.mp3 */,
				62DADA2529EAB7F40080002F /* Slash.mp3 */,
				620BAF962AC095F700901406 /* Creepy Lady Cry.mp3 */,
				620BAF972AC095F700901406 /* Hair Whip.mp3 */,
				620BAF952AC095F700901406 /* Phantom Shadows.mp3 */,
				620BAF932ABF3E0900901406 /* Ram.mp3 */,
				62DADA1929EAB5FD0080002F /* Pig Cry.mp3 */,
				62DADA1829EAB5FD0080002F /* Spellbook Cry.mp3 */,
				625BE59E29E896FB00BC63F1 /* Dead Screen.mp3 */,
				620BAF852ABEF49E00901406 /* Screech.mp3 */,
				625BE5B329EA9CF100BC63F1 /* Dirt.mp3 */,
				625BE5B129EA99AF00BC63F1 /* Coin.mp3 */,
				625BE5A929E9ECE300BC63F1 /* Diamond.mp3 */,
				625BE5AA29E9ECE300BC63F1 /* Potion.mp3 */,
			);
			path = Sounds;
			sourceTree = "<group>";
		};
		629CD93529D0F06100489210 = {
			isa = PBXGroup;
			children = (
				629CD94029D0F06100489210 /* Dark Corridor */,
				629CD93F29D0F06100489210 /* Products */,
				A5C5C71D1E721750B1FF5B1D /* Pods */,
				EB3D60672302BF0E26E961B0 /* Frameworks */,
			);
			sourceTree = "<group>";
		};
		629CD93F29D0F06100489210 /* Products */ = {
			isa = PBXGroup;
			children = (
				629CD93E29D0F06100489210 /* Dark Corridor.app */,
			);
			name = Products;
			sourceTree = "<group>";
		};
		629CD94029D0F06100489210 /* Dark Corridor */ = {
			isa = PBXGroup;
			children = (
				629CD94129D0F06100489210 /* AppDelegate.swift */,
				629CD94329D0F06100489210 /* SceneDelegate.swift */,
				629CD95B29D0F45A00489210 /* Models */,
				6234FB8229D8CC59008A23F8 /* Controllers */,
				6234FB8329D8CCAC008A23F8 /* Views */,
				629CD94A29D0F06200489210 /* Assets.xcassets */,
				629CD94C29D0F06200489210 /* LaunchScreen.storyboard */,
				629CD94F29D0F06200489210 /* Info.plist */,
				625BE59A29E896FB00BC63F1 /* Sounds */,
			);
			path = "Dark Corridor";
			sourceTree = "<group>";
		};
		629CD95B29D0F45A00489210 /* Models */ = {
			isa = PBXGroup;
			children = (
				62AC704B2AB63172006306CA /* InventoryCell.swift */,
				629CD95929D0F3F500489210 /* Character.swift */,
				62D218DE29E1D4690027ACD5 /* ItemStruct.swift */,
				62AC70532ABB8451006306CA /* StatClass.swift */,
				62AC70492AB3BCF5006306CA /* AttackStruct.swift */,
				62AC70442AB39DE9006306CA /* EnemyStruct.swift */,
				629CD95729D0F3D600489210 /* Items.swift */,
				62AC70472AB3B491006306CA /* AllEnemies.swift */,
				62AC704F2AB7363E006306CA /* PlayerStats.swift */,
				620BAF9F2AC1EDB400901406 /* StoreItemStruct.swift */,
				620BAFA12AC1EE7F00901406 /* StoreItems.swift */,
				620BAFA52AC1F2EC00901406 /* StoreCell.swift */,
			);
			path = Models;
			sourceTree = "<group>";
		};
		A5C5C71D1E721750B1FF5B1D /* Pods */ = {
			isa = PBXGroup;
			children = (
				B80491EA68F0568332DA2F16 /* Pods-Dark Corridor.debug.xcconfig */,
				DEB6131DB9927D0D33A11CB1 /* Pods-Dark Corridor.release.xcconfig */,
			);
			path = Pods;
			sourceTree = "<group>";
		};
		EB3D60672302BF0E26E961B0 /* Frameworks */ = {
			isa = PBXGroup;
			children = (
				45A01B1219E8903F80E52827 /* Pods_Dark_Corridor.framework */,
			);
			name = Frameworks;
			sourceTree = "<group>";
		};
/* End PBXGroup section */

/* Begin PBXNativeTarget section */
		629CD93D29D0F06100489210 /* Dark Corridor */ = {
			isa = PBXNativeTarget;
			buildConfigurationList = 629CD95229D0F06200489210 /* Build configuration list for PBXNativeTarget "Dark Corridor" */;
			buildPhases = (
				060414E7BF6BD51781C96428 /* [CP] Check Pods Manifest.lock */,
				629CD93A29D0F06100489210 /* Sources */,
				629CD93B29D0F06100489210 /* Frameworks */,
				629CD93C29D0F06100489210 /* Resources */,
				ED71EA9E109BD66E88B0E9FB /* [CP] Embed Pods Frameworks */,
			);
			buildRules = (
			);
			dependencies = (
			);
			name = "Dark Corridor";
			productName = "Dark Corridor";
			productReference = 629CD93E29D0F06100489210 /* Dark Corridor.app */;
			productType = "com.apple.product-type.application";
		};
/* End PBXNativeTarget section */

/* Begin PBXProject section */
		629CD93629D0F06100489210 /* Project object */ = {
			isa = PBXProject;
			attributes = {
				BuildIndependentTargetsInParallel = 1;
				KnownAssetTags = (
					LEFT,
					LEFTTAG,
					RIGHT,
					RIGHTTAG,
				);
				LastSwiftUpdateCheck = 1420;
				LastUpgradeCheck = 1420;
				TargetAttributes = {
					629CD93D29D0F06100489210 = {
						CreatedOnToolsVersion = 14.2;
					};
				};
			};
			buildConfigurationList = 629CD93929D0F06100489210 /* Build configuration list for PBXProject "Dark Corridor" */;
			compatibilityVersion = "Xcode 14.0";
			developmentRegion = en;
			hasScannedForEncodings = 0;
			knownRegions = (
				en,
				Base,
			);
			mainGroup = 629CD93529D0F06100489210;
			productRefGroup = 629CD93F29D0F06100489210 /* Products */;
			projectDirPath = "";
			projectRoot = "";
			targets = (
				629CD93D29D0F06100489210 /* Dark Corridor */,
			);
		};
/* End PBXProject section */

/* Begin PBXResourcesBuildPhase section */
		629CD93C29D0F06100489210 /* Resources */ = {
			isa = PBXResourcesBuildPhase;
			buildActionMask = 2147483647;
			files = (
				6222C83029EB0A560090671F /* Bite.mp3 in Resources */,
				6222C82A29EB0A3F0090671F /* Eerie Spell.mp3 in Resources */,
				620BAF862ABEF49E00901406 /* Screech.mp3 in Resources */,
				629CD94E29D0F06200489210 /* LaunchScreen.storyboard in Resources */,
				625BE5AF29E9ECE400BC63F1 /* Potion.mp3 in Resources */,
				6222C82C29EB0A460090671F /* Battle Win.mp3 in Resources */,
				62DADA1A29EAB5FD0080002F /* Spellbook Cry.mp3 in Resources */,
				625BE5A029E896FB00BC63F1 /* Main Menu.mp3 in Resources */,
				625BE5A129E896FB00BC63F1 /* Win Screen.mp3 in Resources */,
				620BAFA82AC1F2EC00901406 /* StoreCell.xib in Resources */,
				620BAF942ABF3E0900901406 /* Ram.mp3 in Resources */,
				629CD94B29D0F06200489210 /* Assets.xcassets in Resources */,
				620BAF922ABF3D6300901406 /* Nightmare.mp3 in Resources */,
				620BAF9A2AC095F700901406 /* Hair Whip.mp3 in Resources */,
				62DADA2729EAB7F40080002F /* Slash.mp3 in Resources */,
				62AC704E2AB63172006306CA /* InventoryCell.xib in Resources */,
				620BAF902ABF3A8300901406 /* Schyte Swing.mp3 in Resources */,
				629CD94929D0F06100489210 /* Main.storyboard in Resources */,
				6222C82829EB0A320090671F /* Battle Music.mp3 in Resources */,
				625BE5AE29E9ECE400BC63F1 /* Diamond.mp3 in Resources */,
				625BE5A329E896FB00BC63F1 /* Dead Screen.mp3 in Resources */,
				620BAF982AC095F700901406 /* Phantom Shadows.mp3 in Resources */,
				620BAF8E2ABF3A8300901406 /* Death's Emissary Cry.mp3 in Resources */,
				620BAF992AC095F700901406 /* Creepy Lady Cry.mp3 in Resources */,
				625BE5A229E896FB00BC63F1 /* Main Game .mp3 in Resources */,
				625BE5B429EA9CF100BC63F1 /* Dirt.mp3 in Resources */,
				62DADA1B29EAB5FD0080002F /* Pig Cry.mp3 in Resources */,
				62DADA2629EAB7F40080002F /* Charge.mp3 in Resources */,
				620BAF9C2AC0A46400901406 /* General Item.mp3 in Resources */,
				620BAF892ABEF4A700901406 /* HornedBat Cry.mp3 in Resources */,
				625BE5B229EA99AF00BC63F1 /* Coin.mp3 in Resources */,
				6222C82E29EB0A4E0090671F /* Tackle.mp3 in Resources */,
				620BAF9E2AC0AC5600901406 /* Power Up.mp3 in Resources */,
				6222C83229EB0A5F0090671F /* Spectral Force.mp3 in Resources */,
			);
			runOnlyForDeploymentPostprocessing = 0;
		};
/* End PBXResourcesBuildPhase section */

/* Begin PBXShellScriptBuildPhase section */
		060414E7BF6BD51781C96428 /* [CP] Check Pods Manifest.lock */ = {
			isa = PBXShellScriptBuildPhase;
			buildActionMask = 2147483647;
			files = (
			);
			inputFileListPaths = (
			);
			inputPaths = (
				"${PODS_PODFILE_DIR_PATH}/Podfile.lock",
				"${PODS_ROOT}/Manifest.lock",
			);
			name = "[CP] Check Pods Manifest.lock";
			outputFileListPaths = (
			);
			outputPaths = (
				"$(DERIVED_FILE_DIR)/Pods-Dark Corridor-checkManifestLockResult.txt",
			);
			runOnlyForDeploymentPostprocessing = 0;
			shellPath = /bin/sh;
			shellScript = "diff \"${PODS_PODFILE_DIR_PATH}/Podfile.lock\" \"${PODS_ROOT}/Manifest.lock\" > /dev/null\nif [ $? != 0 ] ; then\n    # print error to STDERR\n    echo \"error: The sandbox is not in sync with the Podfile.lock. Run 'pod install' or update your CocoaPods installation.\" >&2\n    exit 1\nfi\n# This output is used by Xcode 'outputs' to avoid re-running this script phase.\necho \"SUCCESS\" > \"${SCRIPT_OUTPUT_FILE_0}\"\n";
			showEnvVarsInLog = 0;
		};
		ED71EA9E109BD66E88B0E9FB /* [CP] Embed Pods Frameworks */ = {
			isa = PBXShellScriptBuildPhase;
			buildActionMask = 2147483647;
			files = (
			);
			inputFileListPaths = (
				"${PODS_ROOT}/Target Support Files/Pods-Dark Corridor/Pods-Dark Corridor-frameworks-${CONFIGURATION}-input-files.xcfilelist",
			);
			name = "[CP] Embed Pods Frameworks";
			outputFileListPaths = (
				"${PODS_ROOT}/Target Support Files/Pods-Dark Corridor/Pods-Dark Corridor-frameworks-${CONFIGURATION}-output-files.xcfilelist",
			);
			runOnlyForDeploymentPostprocessing = 0;
			shellPath = /bin/sh;
			shellScript = "\"${PODS_ROOT}/Target Support Files/Pods-Dark Corridor/Pods-Dark Corridor-frameworks.sh\"\n";
			showEnvVarsInLog = 0;
		};
/* End PBXShellScriptBuildPhase section */

/* Begin PBXSourcesBuildPhase section */
		629CD93A29D0F06100489210 /* Sources */ = {
			isa = PBXSourcesBuildPhase;
			buildActionMask = 2147483647;
			files = (
				62AC70542ABB8451006306CA /* StatClass.swift in Sources */,
				62AA037A29DCCE5E00AF660F /* SettingsViewController.swift in Sources */,
				62AC704A2AB3BCF5006306CA /* AttackStruct.swift in Sources */,
				6234FB8029D8CC3C008A23F8 /* BattleViewController.swift in Sources */,
				620BAFA02AC1EDB400901406 /* StoreItemStruct.swift in Sources */,
				629CD95829D0F3D600489210 /* Items.swift in Sources */,
				620BAFA22AC1EE7F00901406 /* StoreItems.swift in Sources */,
				629CD94629D0F06100489210 /* MainViewController.swift in Sources */,
				62AC70482AB3B491006306CA /* AllEnemies.swift in Sources */,
				629CD95A29D0F3F500489210 /* Character.swift in Sources */,
				62AA037C29DCCE8800AF660F /* StartViewController.swift in Sources */,
				62AC70502AB7363E006306CA /* PlayerStats.swift in Sources */,
				629CD94229D0F06100489210 /* AppDelegate.swift in Sources */,
				629CD94429D0F06100489210 /* SceneDelegate.swift in Sources */,
				62AC70522AB8A582006306CA /* StatsViewController.swift in Sources */,
				62D218DD29E1B0560027ACD5 /* InventoryViewController.swift in Sources */,
				62AC704D2AB63172006306CA /* InventoryCell.swift in Sources */,
				620BAFA72AC1F2EC00901406 /* StoreCell.swift in Sources */,
				62AC70452AB39DE9006306CA /* EnemyStruct.swift in Sources */,
				62AA037829DCCD9700AF660F /* ResultViewController.swift in Sources */,
				62D218DF29E1D4690027ACD5 /* ItemStruct.swift in Sources */,
				620BAFA42AC1F12500901406 /* StoreViewController.swift in Sources */,
			);
			runOnlyForDeploymentPostprocessing = 0;
		};
/* End PBXSourcesBuildPhase section */

/* Begin PBXVariantGroup section */
		629CD94729D0F06100489210 /* Main.storyboard */ = {
			isa = PBXVariantGroup;
			children = (
				629CD94829D0F06100489210 /* Base */,
			);
			name = Main.storyboard;
			sourceTree = "<group>";
		};
		629CD94C29D0F06200489210 /* LaunchScreen.storyboard */ = {
			isa = PBXVariantGroup;
			children = (
				629CD94D29D0F06200489210 /* Base */,
			);
			name = LaunchScreen.storyboard;
			sourceTree = "<group>";
		};
/* End PBXVariantGroup section */

/* Begin XCBuildConfiguration section */
		629CD95029D0F06200489210 /* Debug */ = {
			isa = XCBuildConfiguration;
			buildSettings = {
				ALWAYS_SEARCH_USER_PATHS = NO;
				CLANG_ANALYZER_NONNULL = YES;
				CLANG_ANALYZER_NUMBER_OBJECT_CONVERSION = YES_AGGRESSIVE;
				CLANG_CXX_LANGUAGE_STANDARD = "gnu++20";
				CLANG_ENABLE_MODULES = YES;
				CLANG_ENABLE_OBJC_ARC = YES;
				CLANG_ENABLE_OBJC_WEAK = YES;
				CLANG_WARN_BLOCK_CAPTURE_AUTORELEASING = YES;
				CLANG_WARN_BOOL_CONVERSION = YES;
				CLANG_WARN_COMMA = YES;
				CLANG_WARN_CONSTANT_CONVERSION = YES;
				CLANG_WARN_DEPRECATED_OBJC_IMPLEMENTATIONS = YES;
				CLANG_WARN_DIRECT_OBJC_ISA_USAGE = YES_ERROR;
				CLANG_WARN_DOCUMENTATION_COMMENTS = YES;
				CLANG_WARN_EMPTY_BODY = YES;
				CLANG_WARN_ENUM_CONVERSION = YES;
				CLANG_WARN_INFINITE_RECURSION = YES;
				CLANG_WARN_INT_CONVERSION = YES;
				CLANG_WARN_NON_LITERAL_NULL_CONVERSION = YES;
				CLANG_WARN_OBJC_IMPLICIT_RETAIN_SELF = YES;
				CLANG_WARN_OBJC_LITERAL_CONVERSION = YES;
				CLANG_WARN_OBJC_ROOT_CLASS = YES_ERROR;
				CLANG_WARN_QUOTED_INCLUDE_IN_FRAMEWORK_HEADER = YES;
				CLANG_WARN_RANGE_LOOP_ANALYSIS = YES;
				CLANG_WARN_STRICT_PROTOTYPES = YES;
				CLANG_WARN_SUSPICIOUS_MOVE = YES;
				CLANG_WARN_UNGUARDED_AVAILABILITY = YES_AGGRESSIVE;
				CLANG_WARN_UNREACHABLE_CODE = YES;
				CLANG_WARN__DUPLICATE_METHOD_MATCH = YES;
				COPY_PHASE_STRIP = NO;
				DEBUG_INFORMATION_FORMAT = dwarf;
				ENABLE_STRICT_OBJC_MSGSEND = YES;
				ENABLE_TESTABILITY = YES;
				GCC_C_LANGUAGE_STANDARD = gnu11;
				GCC_DYNAMIC_NO_PIC = NO;
				GCC_NO_COMMON_BLOCKS = YES;
				GCC_OPTIMIZATION_LEVEL = 0;
				GCC_PREPROCESSOR_DEFINITIONS = (
					"DEBUG=1",
					"$(inherited)",
				);
				GCC_WARN_64_TO_32_BIT_CONVERSION = YES;
				GCC_WARN_ABOUT_RETURN_TYPE = YES_ERROR;
				GCC_WARN_UNDECLARED_SELECTOR = YES;
				GCC_WARN_UNINITIALIZED_AUTOS = YES_AGGRESSIVE;
				GCC_WARN_UNUSED_FUNCTION = YES;
				GCC_WARN_UNUSED_VARIABLE = YES;
				IPHONEOS_DEPLOYMENT_TARGET = 16.2;
				MTL_ENABLE_DEBUG_INFO = INCLUDE_SOURCE;
				MTL_FAST_MATH = YES;
				ONLY_ACTIVE_ARCH = YES;
				SDKROOT = iphoneos;
				SWIFT_ACTIVE_COMPILATION_CONDITIONS = DEBUG;
				SWIFT_OPTIMIZATION_LEVEL = "-Onone";
			};
			name = Debug;
		};
		629CD95129D0F06200489210 /* Release */ = {
			isa = XCBuildConfiguration;
			buildSettings = {
				ALWAYS_SEARCH_USER_PATHS = NO;
				CLANG_ANALYZER_NONNULL = YES;
				CLANG_ANALYZER_NUMBER_OBJECT_CONVERSION = YES_AGGRESSIVE;
				CLANG_CXX_LANGUAGE_STANDARD = "gnu++20";
				CLANG_ENABLE_MODULES = YES;
				CLANG_ENABLE_OBJC_ARC = YES;
				CLANG_ENABLE_OBJC_WEAK = YES;
				CLANG_WARN_BLOCK_CAPTURE_AUTORELEASING = YES;
				CLANG_WARN_BOOL_CONVERSION = YES;
				CLANG_WARN_COMMA = YES;
				CLANG_WARN_CONSTANT_CONVERSION = YES;
				CLANG_WARN_DEPRECATED_OBJC_IMPLEMENTATIONS = YES;
				CLANG_WARN_DIRECT_OBJC_ISA_USAGE = YES_ERROR;
				CLANG_WARN_DOCUMENTATION_COMMENTS = YES;
				CLANG_WARN_EMPTY_BODY = YES;
				CLANG_WARN_ENUM_CONVERSION = YES;
				CLANG_WARN_INFINITE_RECURSION = YES;
				CLANG_WARN_INT_CONVERSION = YES;
				CLANG_WARN_NON_LITERAL_NULL_CONVERSION = YES;
				CLANG_WARN_OBJC_IMPLICIT_RETAIN_SELF = YES;
				CLANG_WARN_OBJC_LITERAL_CONVERSION = YES;
				CLANG_WARN_OBJC_ROOT_CLASS = YES_ERROR;
				CLANG_WARN_QUOTED_INCLUDE_IN_FRAMEWORK_HEADER = YES;
				CLANG_WARN_RANGE_LOOP_ANALYSIS = YES;
				CLANG_WARN_STRICT_PROTOTYPES = YES;
				CLANG_WARN_SUSPICIOUS_MOVE = YES;
				CLANG_WARN_UNGUARDED_AVAILABILITY = YES_AGGRESSIVE;
				CLANG_WARN_UNREACHABLE_CODE = YES;
				CLANG_WARN__DUPLICATE_METHOD_MATCH = YES;
				COPY_PHASE_STRIP = NO;
				DEBUG_INFORMATION_FORMAT = "dwarf-with-dsym";
				ENABLE_NS_ASSERTIONS = NO;
				ENABLE_STRICT_OBJC_MSGSEND = YES;
				GCC_C_LANGUAGE_STANDARD = gnu11;
				GCC_NO_COMMON_BLOCKS = YES;
				GCC_WARN_64_TO_32_BIT_CONVERSION = YES;
				GCC_WARN_ABOUT_RETURN_TYPE = YES_ERROR;
				GCC_WARN_UNDECLARED_SELECTOR = YES;
				GCC_WARN_UNINITIALIZED_AUTOS = YES_AGGRESSIVE;
				GCC_WARN_UNUSED_FUNCTION = YES;
				GCC_WARN_UNUSED_VARIABLE = YES;
				IPHONEOS_DEPLOYMENT_TARGET = 16.2;
				MTL_ENABLE_DEBUG_INFO = NO;
				MTL_FAST_MATH = YES;
				SDKROOT = iphoneos;
				SWIFT_COMPILATION_MODE = wholemodule;
				SWIFT_OPTIMIZATION_LEVEL = "-O";
				VALIDATE_PRODUCT = YES;
			};
			name = Release;
		};
		629CD95329D0F06200489210 /* Debug */ = {
			isa = XCBuildConfiguration;
			baseConfigurationReference = B80491EA68F0568332DA2F16 /* Pods-Dark Corridor.debug.xcconfig */;
			buildSettings = {
				ASSETCATALOG_COMPILER_APPICON_NAME = AppIcon;
				ASSETCATALOG_COMPILER_GLOBAL_ACCENT_COLOR_NAME = AccentColor;
				CODE_SIGN_STYLE = Automatic;
				CURRENT_PROJECT_VERSION = 1;
				DEVELOPMENT_TEAM = DTJ5G5B67W;
				GENERATE_INFOPLIST_FILE = YES;
				INFOPLIST_FILE = "Dark Corridor/Info.plist";
				INFOPLIST_KEY_UIApplicationSupportsIndirectInputEvents = YES;
				INFOPLIST_KEY_UILaunchStoryboardName = LaunchScreen;
				INFOPLIST_KEY_UIMainStoryboardFile = Main;
				INFOPLIST_KEY_UISupportedInterfaceOrientations = UIInterfaceOrientationPortrait;
				LD_RUNPATH_SEARCH_PATHS = (
					"$(inherited)",
					"@executable_path/Frameworks",
				);
				MARKETING_VERSION = 1.0;
				PRODUCT_BUNDLE_IDENTIFIER = "com.AndreaBottino.Dark-Corridor";
				PRODUCT_NAME = "$(TARGET_NAME)";
				SWIFT_EMIT_LOC_STRINGS = YES;
				SWIFT_VERSION = 5.0;
				TARGETED_DEVICE_FAMILY = "1,2";
			};
			name = Debug;
		};
		629CD95429D0F06200489210 /* Release */ = {
			isa = XCBuildConfiguration;
			baseConfigurationReference = DEB6131DB9927D0D33A11CB1 /* Pods-Dark Corridor.release.xcconfig */;
			buildSettings = {
				ASSETCATALOG_COMPILER_APPICON_NAME = AppIcon;
				ASSETCATALOG_COMPILER_GLOBAL_ACCENT_COLOR_NAME = AccentColor;
				CODE_SIGN_STYLE = Automatic;
				CURRENT_PROJECT_VERSION = 1;
				DEVELOPMENT_TEAM = DTJ5G5B67W;
				GENERATE_INFOPLIST_FILE = YES;
				INFOPLIST_FILE = "Dark Corridor/Info.plist";
				INFOPLIST_KEY_UIApplicationSupportsIndirectInputEvents = YES;
				INFOPLIST_KEY_UILaunchStoryboardName = LaunchScreen;
				INFOPLIST_KEY_UIMainStoryboardFile = Main;
				INFOPLIST_KEY_UISupportedInterfaceOrientations = UIInterfaceOrientationPortrait;
				LD_RUNPATH_SEARCH_PATHS = (
					"$(inherited)",
					"@executable_path/Frameworks",
				);
				MARKETING_VERSION = 1.0;
				PRODUCT_BUNDLE_IDENTIFIER = "com.AndreaBottino.Dark-Corridor";
				PRODUCT_NAME = "$(TARGET_NAME)";
				SWIFT_EMIT_LOC_STRINGS = YES;
				SWIFT_VERSION = 5.0;
				TARGETED_DEVICE_FAMILY = "1,2";
			};
			name = Release;
		};
/* End XCBuildConfiguration section */

/* Begin XCConfigurationList section */
		629CD93929D0F06100489210 /* Build configuration list for PBXProject "Dark Corridor" */ = {
			isa = XCConfigurationList;
			buildConfigurations = (
				629CD95029D0F06200489210 /* Debug */,
				629CD95129D0F06200489210 /* Release */,
			);
			defaultConfigurationIsVisible = 0;
			defaultConfigurationName = Release;
		};
		629CD95229D0F06200489210 /* Build configuration list for PBXNativeTarget "Dark Corridor" */ = {
			isa = XCConfigurationList;
			buildConfigurations = (
				629CD95329D0F06200489210 /* Debug */,
				629CD95429D0F06200489210 /* Release */,
			);
			defaultConfigurationIsVisible = 0;
			defaultConfigurationName = Release;
		};
/* End XCConfigurationList section */
	};
	rootObject = 629CD93629D0F06100489210 /* Project object */;
}
